{
  "name": "demo",
  "lockfileVersion": 3,
  "requires": true,
  "packages": {
    "": {
      "dependencies": {
        "login-with-cloudflare": "^1.0.1"
      }
    },
    "node_modules/@cloudflare/workers-types": {
      "version": "4.20250715.0",
      "resolved": "https://registry.npmjs.org/@cloudflare/workers-types/-/workers-types-4.20250715.0.tgz",
      "integrity": "sha512-uMp+ClvvhNlk3ojIgWuIB5Zteq4YVmZcyX16hpJ8eCeCX3izagfEZwXe/vETlv4cc5vtM3xAOMdV//0BD0E98g==",
      "license": "MIT OR Apache-2.0"
    },
    "node_modules/login-with-cloudflare": {
      "version": "1.0.1",
      "resolved": "https://registry.npmjs.org/login-with-cloudflare/-/login-with-cloudflare-1.0.1.tgz",
      "integrity": "sha512-y28yfIInLb+l/eic9nA6DFa4aAdsf6k0Bbk2n9hplPgWj1kzsgRCcRSD09sOYpOqrhAaGsLHcaU9ER64ooNckQ==",
      "dependencies": {
        "@cloudflare/workers-types": "^4.20241127.0"
      }
    }
  }
}
